
Microsoft Visual Studio Solution File, Format Version 12.00
# Visual Studio Version 16
VisualStudioVersion = 25.0.1706.0
MinimumVisualStudioVersion = 10.0.40219.1
Project("{FAE04EC0-301F-11D3-BF4B-00C04F79EFBC}") = "Desafio.API", "Desafio.API\Desafio.API.csproj", "{D25D941B-3729-4731-9B80-8C5E2CB3731E}"
EndProject
Global
	GlobalSection(SolutionConfigurationPlatforms) = preSolution
		Debug|Any CPU = Debug|Any CPU
		Release|Any CPU = Release|Any CPU
	EndGlobalSection
	GlobalSection(ProjectConfigurationPlatforms) = postSolution
		{D25D941B-3729-4731-9B80-8C5E2CB3731E}.Debug|Any CPU.ActiveCfg = Debug|Any CPU
		{D25D941B-3729-4731-9B80-8C5E2CB3731E}.Debug|Any CPU.Build.0 = Debug|Any CPU
		{D25D941B-3729-4731-9B80-8C5E2CB3731E}.Release|Any CPU.ActiveCfg = Release|Any CPU
		{D25D941B-3729-4731-9B80-8C5E2CB3731E}.Release|Any CPU.Build.0 = Release|Any CPU
	EndGlobalSection
	GlobalSection(SolutionProperties) = preSolution
		HideSolutionNode = FALSE
	EndGlobalSection
	GlobalSection(ExtensibilityGlobals) = postSolution
		SolutionGuid = {6C0714A1-DF77-46E9-AF72-902CB55A2FEC}
	EndGlobalSection
EndGlobal
